# This file was autogenerated by Stack.
# You should not edit this file by hand.
# For more information, please see the documentation at:
#   https://docs.haskellstack.org/en/stable/lock_files

packages:
- completed:
    hackage: twitter-conduit-0.3.0@sha256:67b68511fc19563ff4159ae37188ac3db7dbc6603d81f11c6f1c2dd8ec1f5bd8,4318
    pantry-tree:
      size: 2681
      sha256: a4073e2cc7ca995374ccaf0bc593aff9935ac7c120780b6265aeb2f6974844aa
  original:
    hackage: twitter-conduit-0.3.0
- completed:
    hackage: twitter-types-0.7.2.2@sha256:778a89d20f1b113ebf9c0f5ba8e8c8a39600d51283f422a3a17ebfe445c87418,1608
    pantry-tree:
      size: 1600
      sha256: a4f36fc712101b73f27fcc26df0dd9bb5cc27f87548fa1f2b0617ab0ab09a777
  original:
    hackage: twitter-types-0.7.2.2
- completed:
    hackage: twitter-types-lens-0.7.2@sha256:fa9965ee7b4d3ac6cbd63eadcc29e9da9f97d1ddbca3003bb639e618fe3e4f65,839
    pantry-tree:
      size: 295
      sha256: 2b4a738a9ca4f6c98bc82f39b92e09f18e298f524f7121e568582e8f0f4dfe2c
  original:
    hackage: twitter-types-lens-0.7.2
snapshots:
- completed:
    size: 508835
    url: https://raw.githubusercontent.com/commercialhaskell/stackage-snapshots/master/lts/12/24.yaml
    sha256: b0a5564eb448e69b9f6a4f67fe72016d9e7ec24e37de1826e1a9cfd064a1b6a5
  original: lts-12.24
