# This file was autogenerated by Stack.
# You should not edit this file by hand.
# For more information, please see the documentation at:
#   https://docs.haskellstack.org/en/stable/topics/lock_files

packages: []
snapshots:
- completed:
    sha256: 5ad2eeaaaa4c5b7bad966cb9c64461c8d040b1ec75ae39c79acdc338cf3190c3
    size: 724942
    url: https://raw.githubusercontent.com/commercialhaskell/stackage-snapshots/master/lts/24/5.yaml
  original: lts-24.5
